// !$*UTF8*$!
{
	archiveVersion = 1;
	classes = {
	};
	objectVersion = 50;
	objects = {

/* Begin PBXBuildFile section */
		0452371D23C49726001715E4 /* LaunchScreen.storyboard in Resources */ = {isa = PBXBuildFile; fileRef = 0452371B23C49726001715E4 /* LaunchScreen.storyboard */; };
		0478C02E2626DA1F00B677AF /* KSAdSDK.bundle in Resources */ = {isa = PBXBuildFile; fileRef = 0478C02D2626DA1F00B677AF /* KSAdSDK.bundle */; };
		04AA045724A842080076F348 /* libsqlite3.0.tbd in Frameworks */ = {isa = PBXBuildFile; fileRef = 04AA045624A842000076F348 /* libsqlite3.0.tbd */; };
		78D82AA82226AC180094A300 /* Button_AD_Close.png in Resources */ = {isa = PBXBuildFile; fileRef = 78D82AA72226AC180094A300 /* Button_AD_Close.png */; };
		78D82ABF2226AC3E0094A300 /* Assets.xcassets in Resources */ = {isa = PBXBuildFile; fileRef = 78D82AA92226AC3C0094A300 /* Assets.xcassets */; };
		78D82AC02226AC3E0094A300 /* AdCellView.xib in Resources */ = {isa = PBXBuildFile; fileRef = 78D82AAA2226AC3C0094A300 /* AdCellView.xib */; };
		78D82AC12226AC3E0094A300 /* main.m in Sources */ = {isa = PBXBuildFile; fileRef = 78D82AAD2226AC3C0094A300 /* main.m */; };
		78D82AC52226AC3E0094A300 /* logo.png in Resources */ = {isa = PBXBuildFile; fileRef = 78D82AB62226AC3D0094A300 /* logo.png */; };
		78D82AC62226AC3E0094A300 /* AdCell.m in Sources */ = {isa = PBXBuildFile; fileRef = 78D82AB72226AC3D0094A300 /* AdCell.m */; };
		78D82AC72226AC3E0094A300 /* Main.storyboard in Resources */ = {isa = PBXBuildFile; fileRef = 78D82AB82226AC3D0094A300 /* Main.storyboard */; };
		78D82AC82226AC3E0094A300 /* AppDelegate.m in Sources */ = {isa = PBXBuildFile; fileRef = 78D82ABB2226AC3E0094A300 /* AppDelegate.m */; };
		78D82AC92226AC3E0094A300 /* ViewController.m in Sources */ = {isa = PBXBuildFile; fileRef = 78D82ABC2226AC3E0094A300 /* ViewController.m */; };
		78D82ACA2226AC3E0094A300 /* NativeAdController.m in Sources */ = {isa = PBXBuildFile; fileRef = 78D82ABD2226AC3E0094A300 /* NativeAdController.m */; };
		EC6EEB5015DE42F6C6A199E5 /* libPods-KATrackingAdDemo.a in Frameworks */ = {isa = PBXBuildFile; fileRef = C4220B04D6608F94687D09C1 /* libPods-KATrackingAdDemo.a */; };
/* End PBXBuildFile section */

/* Begin PBXFileReference section */
		0452371C23C49726001715E4 /* Base */ = {isa = PBXFileReference; lastKnownFileType = file.storyboard; name = Base; path = ../../APSDKDemo/Base.lproj/LaunchScreen.storyboard; sourceTree = "<group>"; };
		0478C02D2626DA1F00B677AF /* KSAdSDK.bundle */ = {isa = PBXFileReference; lastKnownFileType = "wrapper.plug-in"; name = KSAdSDK.bundle; path = Pods/AppicAdSDK/KSAdSDK.bundle; sourceTree = SOURCE_ROOT; };
		04AA045624A842000076F348 /* libsqlite3.0.tbd */ = {isa = PBXFileReference; lastKnownFileType = "sourcecode.text-based-dylib-definition"; name = libsqlite3.0.tbd; path = usr/lib/libsqlite3.0.tbd; sourceTree = SDKROOT; };
		2735D5FA7DD901FCD8B55A82 /* Pods-KATrackingAdDemo.debug.xcconfig */ = {isa = PBXFileReference; includeInIndex = 1; lastKnownFileType = text.xcconfig; name = "Pods-KATrackingAdDemo.debug.xcconfig"; path = "Target Support Files/Pods-KATrackingAdDemo/Pods-KATrackingAdDemo.debug.xcconfig"; sourceTree = "<group>"; };
		30CE5C792089CF920045D345 /* KATrackingAdDemo.app */ = {isa = PBXFileReference; explicitFileType = wrapper.application; includeInIndex = 0; path = KATrackingAdDemo.app; sourceTree = BUILT_PRODUCTS_DIR; };
		30CE5CF62089D2D70045D345 /* Info.plist */ = {isa = PBXFileReference; fileEncoding = 4; lastKnownFileType = text.plist.xml; path = Info.plist; sourceTree = "<group>"; };
		78D82AA72226AC180094A300 /* Button_AD_Close.png */ = {isa = PBXFileReference; lastKnownFileType = image.png; name = Button_AD_Close.png; path = ../APSDKDemo/Button_AD_Close.png; sourceTree = "<group>"; };
		78D82AA92226AC3C0094A300 /* Assets.xcassets */ = {isa = PBXFileReference; lastKnownFileType = folder.assetcatalog; name = Assets.xcassets; path = ../../APSDKDemo/Assets.xcassets; sourceTree = "<group>"; };
		78D82AAA2226AC3C0094A300 /* AdCellView.xib */ = {isa = PBXFileReference; fileEncoding = 4; lastKnownFileType = file.xib; name = AdCellView.xib; path = ../../APSDKDemo/AdCellView.xib; sourceTree = "<group>"; };
		78D82AAB2226AC3C0094A300 /* Prefix.pch */ = {isa = PBXFileReference; fileEncoding = 4; lastKnownFileType = sourcecode.c.h; name = Prefix.pch; path = ../../APSDKDemo/Prefix.pch; sourceTree = "<group>"; };
		78D82AAC2226AC3C0094A300 /* NativeAdController.h */ = {isa = PBXFileReference; fileEncoding = 4; lastKnownFileType = sourcecode.c.h; name = NativeAdController.h; path = ../../APSDKDemo/NativeAdController.h; sourceTree = "<group>"; };
		78D82AAD2226AC3C0094A300 /* main.m */ = {isa = PBXFileReference; fileEncoding = 4; lastKnownFileType = sourcecode.c.objc; name = main.m; path = ../../APSDKDemo/main.m; sourceTree = "<group>"; };
		78D82AB62226AC3D0094A300 /* logo.png */ = {isa = PBXFileReference; lastKnownFileType = image.png; name = logo.png; path = ../../APSDKDemo/logo.png; sourceTree = "<group>"; };
		78D82AB72226AC3D0094A300 /* AdCell.m */ = {isa = PBXFileReference; fileEncoding = 4; lastKnownFileType = sourcecode.c.objc; name = AdCell.m; path = ../../APSDKDemo/AdCell.m; sourceTree = "<group>"; };
		78D82AB82226AC3D0094A300 /* Main.storyboard */ = {isa = PBXFileReference; fileEncoding = 4; lastKnownFileType = file.storyboard; name = Main.storyboard; path = ../../APSDKDemo/Main.storyboard; sourceTree = "<group>"; };
		78D82AB92226AC3D0094A300 /* ViewController.h */ = {isa = PBXFileReference; fileEncoding = 4; lastKnownFileType = sourcecode.c.h; name = ViewController.h; path = ../../APSDKDemo/ViewController.h; sourceTree = "<group>"; };
		78D82ABA2226AC3E0094A300 /* AdCell.h */ = {isa = PBXFileReference; fileEncoding = 4; lastKnownFileType = sourcecode.c.h; name = AdCell.h; path = ../../APSDKDemo/AdCell.h; sourceTree = "<group>"; };
		78D82ABB2226AC3E0094A300 /* AppDelegate.m */ = {isa = PBXFileReference; fileEncoding = 4; lastKnownFileType = sourcecode.c.objc; name = AppDelegate.m; path = ../../APSDKDemo/AppDelegate.m; sourceTree = "<group>"; };
		78D82ABC2226AC3E0094A300 /* ViewController.m */ = {isa = PBXFileReference; fileEncoding = 4; lastKnownFileType = sourcecode.c.objc; name = ViewController.m; path = ../../APSDKDemo/ViewController.m; sourceTree = "<group>"; };
		78D82ABD2226AC3E0094A300 /* NativeAdController.m */ = {isa = PBXFileReference; fileEncoding = 4; lastKnownFileType = sourcecode.c.objc; name = NativeAdController.m; path = ../../APSDKDemo/NativeAdController.m; sourceTree = "<group>"; };
		78D82ABE2226AC3E0094A300 /* AppDelegate.h */ = {isa = PBXFileReference; fileEncoding = 4; lastKnownFileType = sourcecode.c.h; name = AppDelegate.h; path = ../../APSDKDemo/AppDelegate.h; sourceTree = "<group>"; };
		A41B2D53AAE8CC15A5ECF5BE /* Pods-KATrackingAdDemo.release.xcconfig */ = {isa = PBXFileReference; includeInIndex = 1; lastKnownFileType = text.xcconfig; name = "Pods-KATrackingAdDemo.release.xcconfig"; path = "Target Support Files/Pods-KATrackingAdDemo/Pods-KATrackingAdDemo.release.xcconfig"; sourceTree = "<group>"; };
		C4220B04D6608F94687D09C1 /* libPods-KATrackingAdDemo.a */ = {isa = PBXFileReference; explicitFileType = archive.ar; includeInIndex = 0; path = "libPods-KATrackingAdDemo.a"; sourceTree = BUILT_PRODUCTS_DIR; };
/* End PBXFileReference section */

/* Begin PBXFrameworksBuildPhase section */
		30CE5C762089CF920045D345 /* Frameworks */ = {
			isa = PBXFrameworksBuildPhase;
			buildActionMask = 2147483647;
			files = (
				04AA045724A842080076F348 /* libsqlite3.0.tbd in Frameworks */,
				EC6EEB5015DE42F6C6A199E5 /* libPods-KATrackingAdDemo.a in Frameworks */,
			);
			runOnlyForDeploymentPostprocessing = 0;
		};
/* End PBXFrameworksBuildPhase section */

/* Begin PBXGroup section */
		30CE5C702089CF920045D345 = {
			isa = PBXGroup;
			children = (
				78D82AA72226AC180094A300 /* Button_AD_Close.png */,
				30CE5CE02089D2D70045D345 /* KATrackingAdDemo */,
				30CE5C7A2089CF920045D345 /* Products */,
				30CE5CBD2089D0DC0045D345 /* Frameworks */,
				B6ADA932A6B425F2E34F3DF0 /* Pods */,
			);
			sourceTree = "<group>";
		};
		30CE5C7A2089CF920045D345 /* Products */ = {
			isa = PBXGroup;
			children = (
				30CE5C792089CF920045D345 /* KATrackingAdDemo.app */,
			);
			name = Products;
			sourceTree = "<group>";
		};
		30CE5CBD2089D0DC0045D345 /* Frameworks */ = {
			isa = PBXGroup;
			children = (
				04AA045624A842000076F348 /* libsqlite3.0.tbd */,
				C4220B04D6608F94687D09C1 /* libPods-KATrackingAdDemo.a */,
			);
			name = Frameworks;
			sourceTree = "<group>";
		};
		30CE5CE02089D2D70045D345 /* KATrackingAdDemo */ = {
			isa = PBXGroup;
			children = (
				78D82ABA2226AC3E0094A300 /* AdCell.h */,
				78D82AB72226AC3D0094A300 /* AdCell.m */,
				78D82AAA2226AC3C0094A300 /* AdCellView.xib */,
				78D82ABE2226AC3E0094A300 /* AppDelegate.h */,
				0478C02D2626DA1F00B677AF /* KSAdSDK.bundle */,
				78D82ABB2226AC3E0094A300 /* AppDelegate.m */,
				0452371B23C49726001715E4 /* LaunchScreen.storyboard */,
				78D82AA92226AC3C0094A300 /* Assets.xcassets */,
				30CE5CF62089D2D70045D345 /* Info.plist */,
				78D82AB62226AC3D0094A300 /* logo.png */,
				78D82AAD2226AC3C0094A300 /* main.m */,
				78D82AB82226AC3D0094A300 /* Main.storyboard */,
				78D82AAC2226AC3C0094A300 /* NativeAdController.h */,
				78D82ABD2226AC3E0094A300 /* NativeAdController.m */,
				78D82AAB2226AC3C0094A300 /* Prefix.pch */,
				78D82AB92226AC3D0094A300 /* ViewController.h */,
				78D82ABC2226AC3E0094A300 /* ViewController.m */,
			);
			path = KATrackingAdDemo;
			sourceTree = "<group>";
		};
		B6ADA932A6B425F2E34F3DF0 /* Pods */ = {
			isa = PBXGroup;
			children = (
				2735D5FA7DD901FCD8B55A82 /* Pods-KATrackingAdDemo.debug.xcconfig */,
				A41B2D53AAE8CC15A5ECF5BE /* Pods-KATrackingAdDemo.release.xcconfig */,
			);
			path = Pods;
			sourceTree = "<group>";
		};
/* End PBXGroup section */

/* Begin PBXNativeTarget section */
		30CE5C782089CF920045D345 /* KATrackingAdDemo */ = {
			isa = PBXNativeTarget;
			buildConfigurationList = 30CE5C9A2089CF930045D345 /* Build configuration list for PBXNativeTarget "KATrackingAdDemo" */;
			buildPhases = (
				89BE83A459135B2199FC2262 /* [CP] Check Pods Manifest.lock */,
				30CE5C752089CF920045D345 /* Sources */,
				30CE5C762089CF920045D345 /* Frameworks */,
				30CE5C772089CF920045D345 /* Resources */,
			);
			buildRules = (
			);
			dependencies = (
			);
			name = KATrackingAdDemo;
			productName = KATrackingDemo;
			productReference = 30CE5C792089CF920045D345 /* KATrackingAdDemo.app */;
			productType = "com.apple.product-type.application";
		};
/* End PBXNativeTarget section */

/* Begin PBXProject section */
		30CE5C712089CF920045D345 /* Project object */ = {
			isa = PBXProject;
			attributes = {
				LastUpgradeCheck = 1200;
				ORGANIZATIONNAME = Appic;
				TargetAttributes = {
					30CE5C782089CF920045D345 = {
						CreatedOnToolsVersion = 9.3;
					};
				};
			};
			buildConfigurationList = 30CE5C742089CF920045D345 /* Build configuration list for PBXProject "KATrackingAdDemo" */;
			compatibilityVersion = "Xcode 9.3";
			developmentRegion = en;
			hasScannedForEncodings = 0;
			knownRegions = (
				en,
				Base,
			);
			mainGroup = 30CE5C702089CF920045D345;
			productRefGroup = 30CE5C7A2089CF920045D345 /* Products */;
			projectDirPath = "";
			projectRoot = "";
			targets = (
				30CE5C782089CF920045D345 /* KATrackingAdDemo */,
			);
		};
/* End PBXProject section */

/* Begin PBXResourcesBuildPhase section */
		30CE5C772089CF920045D345 /* Resources */ = {
			isa = PBXResourcesBuildPhase;
			buildActionMask = 2147483647;
			files = (
				78D82AC02226AC3E0094A300 /* AdCellView.xib in Resources */,
				78D82AC72226AC3E0094A300 /* Main.storyboard in Resources */,
				78D82AA82226AC180094A300 /* Button_AD_Close.png in Resources */,
				0478C02E2626DA1F00B677AF /* KSAdSDK.bundle in Resources */,
				0452371D23C49726001715E4 /* LaunchScreen.storyboard in Resources */,
				78D82AC52226AC3E0094A300 /* logo.png in Resources */,
				78D82ABF2226AC3E0094A300 /* Assets.xcassets in Resources */,
			);
			runOnlyForDeploymentPostprocessing = 0;
		};
/* End PBXResourcesBuildPhase section */

/* Begin PBXShellScriptBuildPhase section */
		89BE83A459135B2199FC2262 /* [CP] Check Pods Manifest.lock */ = {
			isa = PBXShellScriptBuildPhase;
			buildActionMask = 2147483647;
			files = (
			);
			inputFileListPaths = (
			);
			inputPaths = (
				"${PODS_PODFILE_DIR_PATH}/Podfile.lock",
				"${PODS_ROOT}/Manifest.lock",
			);
			name = "[CP] Check Pods Manifest.lock";
			outputFileListPaths = (
			);
			outputPaths = (
				"$(DERIVED_FILE_DIR)/Pods-KATrackingAdDemo-checkManifestLockResult.txt",
			);
			runOnlyForDeploymentPostprocessing = 0;
			shellPath = /bin/sh;
			shellScript = "diff \"${PODS_PODFILE_DIR_PATH}/Podfile.lock\" \"${PODS_ROOT}/Manifest.lock\" > /dev/null\nif [ $? != 0 ] ; then\n    # print error to STDERR\n    echo \"error: The sandbox is not in sync with the Podfile.lock. Run 'pod install' or update your CocoaPods installation.\" >&2\n    exit 1\nfi\n# This output is used by Xcode 'outputs' to avoid re-running this script phase.\necho \"SUCCESS\" > \"${SCRIPT_OUTPUT_FILE_0}\"\n";
			showEnvVarsInLog = 0;
		};
/* End PBXShellScriptBuildPhase section */

/* Begin PBXSourcesBuildPhase section */
		30CE5C752089CF920045D345 /* Sources */ = {
			isa = PBXSourcesBuildPhase;
			buildActionMask = 2147483647;
			files = (
				78D82AC92226AC3E0094A300 /* ViewController.m in Sources */,
				78D82AC82226AC3E0094A300 /* AppDelegate.m in Sources */,
				78D82AC12226AC3E0094A300 /* main.m in Sources */,
				78D82ACA2226AC3E0094A300 /* NativeAdController.m in Sources */,
				78D82AC62226AC3E0094A300 /* AdCell.m in Sources */,
			);
			runOnlyForDeploymentPostprocessing = 0;
		};
/* End PBXSourcesBuildPhase section */

/* Begin PBXVariantGroup section */
		0452371B23C49726001715E4 /* LaunchScreen.storyboard */ = {
			isa = PBXVariantGroup;
			children = (
				0452371C23C49726001715E4 /* Base */,
			);
			name = LaunchScreen.storyboard;
			sourceTree = "<group>";
		};
/* End PBXVariantGroup section */

/* Begin XCBuildConfiguration section */
		30CE5C982089CF930045D345 /* Debug */ = {
			isa = XCBuildConfiguration;
			buildSettings = {
				ALWAYS_SEARCH_USER_PATHS = NO;
				CLANG_ANALYZER_NONNULL = YES;
				CLANG_ANALYZER_NUMBER_OBJECT_CONVERSION = YES_AGGRESSIVE;
				CLANG_CXX_LANGUAGE_STANDARD = "gnu++14";
				CLANG_CXX_LIBRARY = "libc++";
				CLANG_ENABLE_MODULES = YES;
				CLANG_ENABLE_OBJC_ARC = YES;
				CLANG_ENABLE_OBJC_WEAK = YES;
				CLANG_WARN_BLOCK_CAPTURE_AUTORELEASING = YES;
				CLANG_WARN_BOOL_CONVERSION = YES;
				CLANG_WARN_COMMA = YES;
				CLANG_WARN_CONSTANT_CONVERSION = YES;
				CLANG_WARN_DEPRECATED_OBJC_IMPLEMENTATIONS = YES;
				CLANG_WARN_DIRECT_OBJC_ISA_USAGE = YES_ERROR;
				CLANG_WARN_DOCUMENTATION_COMMENTS = YES;
				CLANG_WARN_EMPTY_BODY = YES;
				CLANG_WARN_ENUM_CONVERSION = YES;
				CLANG_WARN_INFINITE_RECURSION = YES;
				CLANG_WARN_INT_CONVERSION = YES;
				CLANG_WARN_NON_LITERAL_NULL_CONVERSION = YES;
				CLANG_WARN_OBJC_IMPLICIT_RETAIN_SELF = YES;
				CLANG_WARN_OBJC_LITERAL_CONVERSION = YES;
				CLANG_WARN_OBJC_ROOT_CLASS = YES_ERROR;
				CLANG_WARN_QUOTED_INCLUDE_IN_FRAMEWORK_HEADER = YES;
				CLANG_WARN_RANGE_LOOP_ANALYSIS = YES;
				CLANG_WARN_STRICT_PROTOTYPES = YES;
				CLANG_WARN_SUSPICIOUS_MOVE = YES;
				CLANG_WARN_UNGUARDED_AVAILABILITY = YES_AGGRESSIVE;
				CLANG_WARN_UNREACHABLE_CODE = YES;
				CLANG_WARN__DUPLICATE_METHOD_MATCH = YES;
				CODE_SIGN_IDENTITY = "iPhone Developer";
				COPY_PHASE_STRIP = NO;
				DEBUG_INFORMATION_FORMAT = dwarf;
				ENABLE_STRICT_OBJC_MSGSEND = YES;
				ENABLE_TESTABILITY = YES;
				GCC_C_LANGUAGE_STANDARD = gnu11;
				GCC_DYNAMIC_NO_PIC = NO;
				GCC_NO_COMMON_BLOCKS = YES;
				GCC_OPTIMIZATION_LEVEL = 0;
				GCC_PREPROCESSOR_DEFINITIONS = (
					"DEBUG=1",
					"$(inherited)",
				);
				GCC_WARN_64_TO_32_BIT_CONVERSION = YES;
				GCC_WARN_ABOUT_RETURN_TYPE = YES_ERROR;
				GCC_WARN_UNDECLARED_SELECTOR = YES;
				GCC_WARN_UNINITIALIZED_AUTOS = YES_AGGRESSIVE;
				GCC_WARN_UNUSED_FUNCTION = YES;
				GCC_WARN_UNUSED_VARIABLE = YES;
				IPHONEOS_DEPLOYMENT_TARGET = 9.0;
				MTL_ENABLE_DEBUG_INFO = YES;
				ONLY_ACTIVE_ARCH = YES;
				SDKROOT = iphoneos;
			};
			name = Debug;
		};
		30CE5C992089CF930045D345 /* Release */ = {
			isa = XCBuildConfiguration;
			buildSettings = {
				ALWAYS_SEARCH_USER_PATHS = NO;
				CLANG_ANALYZER_NONNULL = YES;
				CLANG_ANALYZER_NUMBER_OBJECT_CONVERSION = YES_AGGRESSIVE;
				CLANG_CXX_LANGUAGE_STANDARD = "gnu++14";
				CLANG_CXX_LIBRARY = "libc++";
				CLANG_ENABLE_MODULES = YES;
				CLANG_ENABLE_OBJC_ARC = YES;
				CLANG_ENABLE_OBJC_WEAK = YES;
				CLANG_WARN_BLOCK_CAPTURE_AUTORELEASING = YES;
				CLANG_WARN_BOOL_CONVERSION = YES;
				CLANG_WARN_COMMA = YES;
				CLANG_WARN_CONSTANT_CONVERSION = YES;
				CLANG_WARN_DEPRECATED_OBJC_IMPLEMENTATIONS = YES;
				CLANG_WARN_DIRECT_OBJC_ISA_USAGE = YES_ERROR;
				CLANG_WARN_DOCUMENTATION_COMMENTS = YES;
				CLANG_WARN_EMPTY_BODY = YES;
				CLANG_WARN_ENUM_CONVERSION = YES;
				CLANG_WARN_INFINITE_RECURSION = YES;
				CLANG_WARN_INT_CONVERSION = YES;
				CLANG_WARN_NON_LITERAL_NULL_CONVERSION = YES;
				CLANG_WARN_OBJC_IMPLICIT_RETAIN_SELF = YES;
				CLANG_WARN_OBJC_LITERAL_CONVERSION = YES;
				CLANG_WARN_OBJC_ROOT_CLASS = YES_ERROR;
				CLANG_WARN_QUOTED_INCLUDE_IN_FRAMEWORK_HEADER = YES;
				CLANG_WARN_RANGE_LOOP_ANALYSIS = YES;
				CLANG_WARN_STRICT_PROTOTYPES = YES;
				CLANG_WARN_SUSPICIOUS_MOVE = YES;
				CLANG_WARN_UNGUARDED_AVAILABILITY = YES_AGGRESSIVE;
				CLANG_WARN_UNREACHABLE_CODE = YES;
				CLANG_WARN__DUPLICATE_METHOD_MATCH = YES;
				CODE_SIGN_IDENTITY = "iPhone Developer";
				COPY_PHASE_STRIP = NO;
				DEBUG_INFORMATION_FORMAT = "dwarf-with-dsym";
				ENABLE_NS_ASSERTIONS = NO;
				ENABLE_STRICT_OBJC_MSGSEND = YES;
				GCC_C_LANGUAGE_STANDARD = gnu11;
				GCC_NO_COMMON_BLOCKS = YES;
				GCC_WARN_64_TO_32_BIT_CONVERSION = YES;
				GCC_WARN_ABOUT_RETURN_TYPE = YES_ERROR;
				GCC_WARN_UNDECLARED_SELECTOR = YES;
				GCC_WARN_UNINITIALIZED_AUTOS = YES_AGGRESSIVE;
				GCC_WARN_UNUSED_FUNCTION = YES;
				GCC_WARN_UNUSED_VARIABLE = YES;
				IPHONEOS_DEPLOYMENT_TARGET = 9.0;
				MTL_ENABLE_DEBUG_INFO = NO;
				SDKROOT = iphoneos;
				VALIDATE_PRODUCT = YES;
			};
			name = Release;
		};
		30CE5C9B2089CF930045D345 /* Debug */ = {
			isa = XCBuildConfiguration;
			baseConfigurationReference = 2735D5FA7DD901FCD8B55A82 /* Pods-KATrackingAdDemo.debug.xcconfig */;
			buildSettings = {
				ASSETCATALOG_COMPILER_APPICON_NAME = AppIcon;
				CODE_SIGN_IDENTITY = "iPhone Developer";
				CODE_SIGN_STYLE = Automatic;
				CURRENT_PROJECT_VERSION = 4.4.3.1;
				DEVELOPMENT_TEAM = 8JEAL74THQ;
				ENABLE_BITCODE = NO;
				FRAMEWORK_SEARCH_PATHS = "$(inherited)";
				GCC_PREFIX_HEADER = "$(SRCROOT)/../APSDKDemo/Prefix.pch";
				HEADER_SEARCH_PATHS = "$(inherited)";
				INFOPLIST_FILE = "$(SRCROOT)/KATrackingAdDemo/Info.plist";
				IPHONEOS_DEPLOYMENT_TARGET = 9.0;
				LD_RUNPATH_SEARCH_PATHS = (
					"$(inherited)",
					"@executable_path/Frameworks",
				);
				LIBRARY_SEARCH_PATHS = (
					"$(inherited)",
					"$(PROJECT_DIR)/KATrackingAdDemo/lib",
				);
				MARKETING_VERSION = 4.4.3.1;
				OTHER_LDFLAGS = (
					"-ObjC",
					"$(inherited)",
				);
				PRODUCT_BUNDLE_IDENTIFIER = com.Benqumark.KuaiMeiKuaiZhuang;
				PRODUCT_NAME = "$(TARGET_NAME)";
				PROVISIONING_PROFILE = "";
				PROVISIONING_PROFILE_SPECIFIER = "";
				TARGETED_DEVICE_FAMILY = "1,2";
			};
			name = Debug;
		};
		30CE5C9C2089CF930045D345 /* Release */ = {
			isa = XCBuildConfiguration;
			baseConfigurationReference = A41B2D53AAE8CC15A5ECF5BE /* Pods-KATrackingAdDemo.release.xcconfig */;
			buildSettings = {
				ASSETCATALOG_COMPILER_APPICON_NAME = AppIcon;
				CODE_SIGN_IDENTITY = "iPhone Distribution";
				CODE_SIGN_STYLE = Manual;
				CURRENT_PROJECT_VERSION = 4.4.3.1;
				DEVELOPMENT_TEAM = 457VF9GPB7;
				ENABLE_BITCODE = NO;
				FRAMEWORK_SEARCH_PATHS = "$(inherited)";
				GCC_PREFIX_HEADER = "$(SRCROOT)/../APSDKDemo/Prefix.pch";
				HEADER_SEARCH_PATHS = "$(inherited)";
				INFOPLIST_FILE = "$(SRCROOT)/KATrackingAdDemo/Info.plist";
				IPHONEOS_DEPLOYMENT_TARGET = 9.0;
				LD_RUNPATH_SEARCH_PATHS = (
					"$(inherited)",
					"@executable_path/Frameworks",
				);
				LIBRARY_SEARCH_PATHS = (
					"$(inherited)",
					"$(PROJECT_DIR)/KATrackingAdDemo/lib",
				);
				MARKETING_VERSION = 4.4.3.1;
				OTHER_LDFLAGS = (
					"-ObjC",
					"$(inherited)",
				);
				PRODUCT_BUNDLE_IDENTIFIER = com.Benqumark.KuaiMeiKuaiZhuang;
				PRODUCT_NAME = "$(TARGET_NAME)";
				PROVISIONING_PROFILE = "";
				PROVISIONING_PROFILE_SPECIFIER = GeneralAdHoc;
				TARGETED_DEVICE_FAMILY = "1,2";
			};
			name = Release;
		};
/* End XCBuildConfiguration section */

/* Begin XCConfigurationList section */
		30CE5C742089CF920045D345 /* Build configuration list for PBXProject "KATrackingAdDemo" */ = {
			isa = XCConfigurationList;
			buildConfigurations = (
				30CE5C982089CF930045D345 /* Debug */,
				30CE5C992089CF930045D345 /* Release */,
			);
			defaultConfigurationIsVisible = 0;
			defaultConfigurationName = Release;
		};
		30CE5C9A2089CF930045D345 /* Build configuration list for PBXNativeTarget "KATrackingAdDemo" */ = {
			isa = XCConfigurationList;
			buildConfigurations = (
				30CE5C9B2089CF930045D345 /* Debug */,
				30CE5C9C2089CF930045D345 /* Release */,
			);
			defaultConfigurationIsVisible = 0;
			defaultConfigurationName = Release;
		};
/* End XCConfigurationList section */
	};
	rootObject = 30CE5C712089CF920045D345 /* Project object */;
}
